PODS:
  - AWSAPIGateway (2.5.9):
    - AWSCore (= 2.5.9)
  - AWSCore (2.5.9)
  - AWSMobileAnalytics (2.5.9):
    - AWSCore (= 2.5.9)
  - AWSS3 (2.5.9):
    - AWSCore (= 2.5.9)
  - AWSSNS (2.5.9):
    - AWSCore (= 2.5.9)
  - Bolts (1.8.4):
    - Bolts/AppLinks (= 1.8.4)
    - Bolts/Tasks (= 1.8.4)
  - Bolts/AppLinks (1.8.4):
    - Bolts/Tasks
  - Bolts/Tasks (1.8.4)
  - Crashlytics (3.8.5):
    - Fabric (~> 1.6.3)
  - DACircularProgress (2.3.1)
  - Fabric (1.6.12)
  - FBSDKCoreKit (4.24.0):
    - Bolts (~> 1.7)
  - FBSDKLoginKit (4.24.0):
    - FBSDKCoreKit
  - FBSDKShareKit (4.24.0):
    - FBSDKCoreKit
  - Firebase (4.0.4):
    - Firebase/Core (= 4.0.4)
  - Firebase/AdMob (4.0.4):
    - Firebase/Core
    - Google-Mobile-Ads-SDK (= 7.21.0)
  - Firebase/Auth (4.0.4):
    - Firebase/Core
    - FirebaseAuth (= 4.0.0)
  - Firebase/Core (4.0.4):
    - FirebaseAnalytics (= 4.0.2)
    - FirebaseCore (= 4.0.4)
  - Firebase/Invites (4.0.4):
    - Firebase/Core
    - FirebaseInvites (= 2.0.0)
  - Firebase/Messaging (4.0.4):
    - Firebase/Core
    - FirebaseMessaging (= 2.0.0)
  - Firebase/RemoteConfig (4.0.4):
    - Firebase/Core
    - FirebaseRemoteConfig (= 2.0.1)
  - FirebaseAnalytics (4.0.2):
    - FirebaseCore (~> 4.0)
    - FirebaseInstanceID (~> 2.0)
    - GoogleToolboxForMac/NSData+zlib (~> 2.1)
  - FirebaseAuth (4.0.0):
    - FirebaseAnalytics (~> 4.0)
    - GoogleToolboxForMac/NSDictionary+URLArguments (~> 2.1)
    - GTMSessionFetcher/Core (~> 1.1)
  - FirebaseCore (4.0.4):
    - GoogleToolboxForMac/NSData+zlib (~> 2.1)
    - nanopb (~> 0.3)
  - FirebaseDynamicLinks (2.0.0):
    - FirebaseAnalytics (~> 4.0)
  - FirebaseInstanceID (2.0.0):
    - FirebaseCore (~> 4.0)
  - FirebaseInvites (2.0.0):
    - FirebaseAnalytics (~> 4.0)
    - FirebaseDynamicLinks (~> 2.0)
    - GoogleAPIClientForREST (~> 1.0)
    - GoogleSignIn (~> 4.0)
    - GoogleToolboxForMac/Logger (~> 2.1)
    - GoogleToolboxForMac/NSDictionary+URLArguments (~> 2.1)
    - GoogleToolboxForMac/NSString+URLArguments (~> 2.1)
    - GoogleToolboxForMac/StringEncoding (~> 2.1)
    - GoogleToolboxForMac/URLBuilder (~> 2.1)
    - GTMOAuth2 (~> 1.0)
    - GTMSessionFetcher/Core (~> 1.1)
    - GTMSessionFetcher/Full (~> 1.1)
    - Protobuf (~> 3.1)
  - FirebaseMessaging (2.0.0):
    - FirebaseAnalytics (~> 4.0)
    - FirebaseCore (~> 4.0)
    - FirebaseInstanceID (~> 2.0)
    - GoogleToolboxForMac/Logger (~> 2.1)
    - Protobuf (~> 3.1)
  - FirebaseRemoteConfig (2.0.1):
    - FirebaseAnalytics (~> 4.0)
    - FirebaseInstanceID (~> 2.0)
    - GoogleToolboxForMac/NSData+zlib (~> 2.1)
    - Protobuf (~> 3.1)
  - FMDB (2.7.2):
    - FMDB/standard (= 2.7.2)
  - FMDB/standard (2.7.2)
  - Google-Mobile-Ads-SDK (7.21.0)
  - GoogleAPIClientForREST (1.3.0):
    - GoogleAPIClientForREST/Core (= 1.3.0)
    - GTMSessionFetcher (>= 1.1.7)
  - GoogleAPIClientForREST/Core (1.3.0):
    - GTMSessionFetcher (>= 1.1.7)
  - GoogleSignIn (4.0.2):
    - GoogleToolboxForMac/NSDictionary+URLArguments (~> 2.1)
    - GoogleToolboxForMac/NSString+URLArguments (~> 2.1)
    - GTMOAuth2 (~> 1.0)
    - GTMSessionFetcher/Core (~> 1.1)
  - GoogleToolboxForMac/Core (2.1.1):
    - GoogleToolboxForMac/Defines (= 2.1.1)
  - GoogleToolboxForMac/DebugUtils (2.1.1):
    - GoogleToolboxForMac/Defines (= 2.1.1)
  - GoogleToolboxForMac/Defines (2.1.1)
  - GoogleToolboxForMac/Logger (2.1.1):
    - GoogleToolboxForMac/Defines (= 2.1.1)
  - GoogleToolboxForMac/NSData+zlib (2.1.1):
    - GoogleToolboxForMac/Defines (= 2.1.1)
  - GoogleToolboxForMac/NSDictionary+URLArguments (2.1.1):
    - GoogleToolboxForMac/DebugUtils (= 2.1.1)
    - GoogleToolboxForMac/Defines (= 2.1.1)
    - GoogleToolboxForMac/NSString+URLArguments (= 2.1.1)
  - GoogleToolboxForMac/NSString+URLArguments (2.1.1)
  - GoogleToolboxForMac/StringEncoding (2.1.1):
    - GoogleToolboxForMac/Defines (= 2.1.1)
  - GoogleToolboxForMac/URLBuilder (2.1.1):
    - GoogleToolboxForMac/Core (= 2.1.1)
    - GoogleToolboxForMac/Defines (= 2.1.1)
    - GoogleToolboxForMac/NSDictionary+URLArguments (= 2.1.1)
    - GoogleToolboxForMac/NSString+URLArguments (= 2.1.1)
  - GTMOAuth2 (1.1.4):
    - GTMSessionFetcher (~> 1.1)
  - GTMSessionFetcher (1.1.11):
    - GTMSessionFetcher/Full (= 1.1.11)
  - GTMSessionFetcher/Core (1.1.11)
  - GTMSessionFetcher/Full (1.1.11):
    - GTMSessionFetcher/Core (= 1.1.11)
  - hpple (0.2.0)
  - JSQMessagesViewController (7.3.5):
    - JSQSystemSoundPlayer (~> 2.0.1)
  - JSQSystemSoundPlayer (2.0.1)
  - MBProgressHUD (0.9.2)
  - Mosquitto (1.4.8):
    - Mosquitto/TLS (= 1.4.8)
    - Mosquitto/WithoutTLS (= 1.4.8)
  - Mosquitto/TLS (1.4.8):
    - OpenSSL-Universal (~> 1.0.1.19)
  - Mosquitto/WithoutTLS (1.4.8)
  - MWPhotoBrowser (2.1.2):
    - DACircularProgress (~> 2.3)
    - MBProgressHUD (~> 0.9)
    - SDWebImage (!= 3.7.2, ~> 3.7)
  - nanopb (0.3.8):
    - nanopb/decode (= 0.3.8)
    - nanopb/encode (= 0.3.8)
  - nanopb/decode (0.3.8)
  - nanopb/encode (0.3.8)
  - OpenSSL-Universal (1.0.1.20)
  - Protobuf (3.3.0)
  - SAMKeychain (1.5.2)
  - SDWebImage (3.8.2):
    - SDWebImage/Core (= 3.8.2)
  - SDWebImage/Core (3.8.2)
  - SSZipArchive (0.4.0)
  - TTTAttributedLabel (2.0.0)
  - TwitterCore (2.8.0):
    - Fabric
  - TwitterKit (2.8.1):
    - TwitterCore (>= 2.8)
  - XlsxReaderWriter (1.0.11):
    - SSZipArchive (~> 0.4)
    - XMLDictionary (~> 1.4)
  - XMLDictionary (1.4.1)

DEPENDENCIES:
  - AWSAPIGateway
  - AWSMobileAnalytics
  - AWSS3
  - AWSSNS
  - Crashlytics
  - Fabric
  - FBSDKCoreKit
  - FBSDKLoginKit
  - FBSDKShareKit
  - Firebase
  - Firebase/AdMob
  - Firebase/Auth
  - Firebase/Core
  - Firebase/Invites
  - Firebase/Messaging
  - Firebase/RemoteConfig
  - FMDB
  - hpple
  - JSQMessagesViewController
  - Mosquitto
  - MWPhotoBrowser
  - SAMKeychain
  - SDWebImage
  - TTTAttributedLabel
  - TwitterCore (~> 2.8)
  - TwitterKit (~> 2.8)
  - XlsxReaderWriter

SPEC CHECKSUMS:
  AWSAPIGateway: ed99502fc277a949939e67838abf04679b5f9945
  AWSCore: c71840dd51f271dc0af8de8fd6f352767ebde8b4
  AWSMobileAnalytics: cd23e8c06cc58c42e3326512ce682abbff3345c2
  AWSS3: c36b91edb50ccd676be4a92836bb72f0c2ac312b
  AWSSNS: 158640bc69947f179eff6ac96a9ab9d4893675c1
  Bolts: 8a7995239dbe724f9cba2248b766d48b7ebdd322
  Crashlytics: dfbae35ef22ca189240d230ad501feea4ee85d2d
  DACircularProgress: 4dd437c0fc3da5161cb289e07ac449493d41db71
  Fabric: f050464eac45a2ce5a8e6e6a07e977c0df32fe28
  FBSDKCoreKit: f8c9eb0dd34a9cd277c7b60da4b32226d142502d
  FBSDKLoginKit: 1214c6d5a1c4995b694d8db8a9ba6910c6028acf
  FBSDKShareKit: a2ed9d7781a4eda9ac20d7404305e795b10251ac
  Firebase: 1492bf04e1b73a7353b4fb2cf5a20bac9692f341
  FirebaseAnalytics: ad41720e3e67fc63fbe3d2948d3e26932a8de311
  FirebaseAuth: ebb6abcbabae00fc47446d690c19ce68d8484fde
  FirebaseCore: cfc042628ef9f20debe09c0eb683135fcd404cb4
  FirebaseDynamicLinks: ad3bef2e8addfa1490af9db02201429c5c9447dd
  FirebaseInstanceID: 9fbf536668f4d3f0880e7438456dabd1376e294b
  FirebaseInvites: 1940225e620b0423cf04fb4e4c7eb2a1b0b7595b
  FirebaseMessaging: 227406c05b0dc9290702d2e9f18ab5528f0c2cf2
  FirebaseRemoteConfig: 328244399f64226cfdfa32efee596bb010ef5665
  FMDB: 6198a90e7b6900cfc046e6bc0ef6ebb7be9236aa
  Google-Mobile-Ads-SDK: 4a6f1b43c8cc0e1e95a3b59d9f52a01671c6f9f3
  GoogleAPIClientForREST: bf724227a6ad1459aab09b73800aad9184a0f64c
  GoogleSignIn: d7ad83f13480e1f30453471d00d19b5293ac46af
  GoogleToolboxForMac: 8e329f1b599f2512c6b10676d45736bcc2cbbeb0
  GTMOAuth2: 7fc9c10f5c745f4d9850419ea88889fe3baa6b7d
  GTMSessionFetcher: 5ad62e8200fa00ed011fe5e08d27fef72c5b1429
  hpple: 3b765f96fc2cd56ad1a49aef6f7be5cb2aa64b57
  JSQMessagesViewController: 6587f56aedbcb150a8ba1d968e1ef58b1bc758b7
  JSQSystemSoundPlayer: c5850e77a4363ffd374cd851154b9af93264ed8d
  MBProgressHUD: 1569cf7ace17a8bac47aabfbb8580a49690386d1
  Mosquitto: d5070269b43acc98e4a8272b9e08b73d5de86a5c
  MWPhotoBrowser: 5836d7aa041dc05a13de380c246826578adc5ea5
  nanopb: 22bc080fa3955e2116b6ff3ee6c2cb3c15ab97cb
  OpenSSL-Universal: 71f2c4b2ae758e2218090f905e95ca0ac5c01be7
  Protobuf: d582fecf68201eac3d79ed61369ef45734394b9c
  SAMKeychain: 1865333198217411f35327e8da61b43de79b635b
  SDWebImage: 098e97e6176540799c27e804c96653ee0833d13c
  SSZipArchive: d3d66fc0e3fb6ac0f723d95481aae71aae916cc3
  TTTAttributedLabel: 8cffe8e127e4e82ff3af1e5386d4cd0ad000b656
  TwitterCore: e959987be23c767004d29eb7fab8d85d8585a2e5
  TwitterKit: 3b6044a7320340326a4098f3e37aa1dbaeb94942
  XlsxReaderWriter: 7e4c5c9fb7c4e78e4edc89fa11f50c086540277c
  XMLDictionary: fa07b6ff422b3a91d47a5de9bc82e3fc04fbd167

PODFILE CHECKSUM: 52cc86ce6fb1c3cded40be26604b33362b0d0fbd

COCOAPODS: 1.2.1
