PODS:
  - AWSAPIGateway (2.6.11):
    - AWSCore (= 2.6.11)
  - AWSCore (2.6.11)
  - AWSMobileAnalytics (2.6.11):
    - AWSCore (= 2.6.11)
  - AWSS3 (2.6.11):
    - AWSCore (= 2.6.11)
  - AWSSNS (2.6.11):
    - AWSCore (= 2.6.11)
  - Bolts (1.9.0):
    - Bolts/AppLinks (= 1.9.0)
    - Bolts/Tasks (= 1.9.0)
  - Bolts/AppLinks (1.9.0):
    - Bolts/Tasks
  - Bolts/Tasks (1.9.0)
  - Crashlytics (3.9.3):
    - Fabric (~> 1.7.2)
  - DACircularProgress (2.3.1)
  - Fabric (1.7.2)
  - FBSDKCoreKit (4.30.0):
    - Bolts (~> 1.7)
  - FBSDKLoginKit (4.30.0):
    - FBSDKCoreKit
  - FBSDKShareKit (4.30.0):
    - FBSDKCoreKit (~> 4.30.0)
  - Firebase (4.8.2):
    - Firebase/Core (= 4.8.2)
  - Firebase/AdMob (4.8.2):
    - Firebase/Core
    - Google-Mobile-Ads-SDK (= 7.27.0)
  - Firebase/Auth (4.8.2):
    - Firebase/Core
    - FirebaseAuth (= 4.4.2)
  - Firebase/Core (4.8.2):
    - FirebaseAnalytics (= 4.0.9)
    - FirebaseCore (= 4.0.14)
  - Firebase/Invites (4.8.2):
    - Firebase/Core
    - FirebaseInvites (= 2.0.2)
  - Firebase/Messaging (4.8.2):
    - Firebase/Core
    - FirebaseMessaging (= 2.0.8)
  - Firebase/RemoteConfig (4.8.2):
    - Firebase/Core
    - FirebaseRemoteConfig (= 2.1.1)
  - FirebaseABTesting (1.0.0):
    - FirebaseCore (~> 4.0)
    - Protobuf (~> 3.1)
  - FirebaseAnalytics (4.0.9):
    - FirebaseCore (~> 4.0)
    - FirebaseInstanceID (~> 2.0)
    - GoogleToolboxForMac/NSData+zlib (~> 2.1)
    - nanopb (~> 0.3)
  - FirebaseAuth (4.4.2):
    - FirebaseAnalytics (~> 4.0)
    - GoogleToolboxForMac/NSDictionary+URLArguments (~> 2.1)
    - GTMSessionFetcher/Core (~> 1.1)
  - FirebaseCore (4.0.14):
    - GoogleToolboxForMac/NSData+zlib (~> 2.1)
  - FirebaseDynamicLinks (2.3.2):
    - FirebaseAnalytics (~> 4.0)
  - FirebaseInstanceID (2.0.8):
    - FirebaseCore (~> 4.0)
  - FirebaseInvites (2.0.2):
    - FirebaseAnalytics (~> 4.0)
    - FirebaseDynamicLinks (~> 2.2)
    - GoogleAPIClientForREST (~> 1.0)
    - GoogleSignIn (~> 4.1)
    - GoogleToolboxForMac/Logger (~> 2.1)
    - GoogleToolboxForMac/NSDictionary+URLArguments (~> 2.1)
    - GoogleToolboxForMac/NSString+URLArguments (~> 2.1)
    - GoogleToolboxForMac/StringEncoding (~> 2.1)
    - GoogleToolboxForMac/URLBuilder (~> 2.1)
    - GTMOAuth2 (~> 1.0)
    - GTMSessionFetcher/Core (~> 1.1)
    - GTMSessionFetcher/Full (~> 1.1)
    - Protobuf (~> 3.1)
  - FirebaseMessaging (2.0.8):
    - FirebaseAnalytics (~> 4.0)
    - FirebaseCore (~> 4.0)
    - FirebaseInstanceID (~> 2.0)
    - GoogleToolboxForMac/Logger (~> 2.1)
    - Protobuf (~> 3.1)
  - FirebaseRemoteConfig (2.1.1):
    - FirebaseABTesting (~> 1.0)
    - FirebaseAnalytics (~> 4.0)
    - FirebaseCore (~> 4.0)
    - FirebaseInstanceID (~> 2.0)
    - GoogleToolboxForMac/NSData+zlib (~> 2.1)
    - Protobuf (~> 3.1)
  - FMDB (2.7.2):
    - FMDB/standard (= 2.7.2)
  - FMDB/standard (2.7.2)
  - Google-Mobile-Ads-SDK (7.27.0)
  - GoogleAPIClientForREST (1.3.2):
    - GoogleAPIClientForREST/Core (= 1.3.2)
    - GTMSessionFetcher (>= 1.1.7)
  - GoogleAPIClientForREST/Core (1.3.2):
    - GTMSessionFetcher (>= 1.1.7)
  - GoogleSignIn (4.1.1):
    - GoogleToolboxForMac/NSDictionary+URLArguments (~> 2.1)
    - GoogleToolboxForMac/NSString+URLArguments (~> 2.1)
    - GTMOAuth2 (~> 1.0)
    - GTMSessionFetcher/Core (~> 1.1)
  - GoogleToolboxForMac/Core (2.1.3):
    - GoogleToolboxForMac/Defines (= 2.1.3)
  - GoogleToolboxForMac/DebugUtils (2.1.3):
    - GoogleToolboxForMac/Defines (= 2.1.3)
  - GoogleToolboxForMac/Defines (2.1.3)
  - GoogleToolboxForMac/Logger (2.1.3):
    - GoogleToolboxForMac/Defines (= 2.1.3)
  - GoogleToolboxForMac/NSData+zlib (2.1.3):
    - GoogleToolboxForMac/Defines (= 2.1.3)
  - GoogleToolboxForMac/NSDictionary+URLArguments (2.1.3):
    - GoogleToolboxForMac/DebugUtils (= 2.1.3)
    - GoogleToolboxForMac/Defines (= 2.1.3)
    - GoogleToolboxForMac/NSString+URLArguments (= 2.1.3)
  - GoogleToolboxForMac/NSString+URLArguments (2.1.3)
  - GoogleToolboxForMac/StringEncoding (2.1.3):
    - GoogleToolboxForMac/Defines (= 2.1.3)
  - GoogleToolboxForMac/URLBuilder (2.1.3):
    - GoogleToolboxForMac/Core (= 2.1.3)
    - GoogleToolboxForMac/Defines (= 2.1.3)
    - GoogleToolboxForMac/NSDictionary+URLArguments (= 2.1.3)
    - GoogleToolboxForMac/NSString+URLArguments (= 2.1.3)
  - GTMOAuth2 (1.1.6):
    - GTMSessionFetcher (~> 1.1)
  - GTMSessionFetcher (1.1.13):
    - GTMSessionFetcher/Full (= 1.1.13)
  - GTMSessionFetcher/Core (1.1.13)
  - GTMSessionFetcher/Full (1.1.13):
    - GTMSessionFetcher/Core (= 1.1.13)
  - hpple (0.2.0)
  - JSQMessagesViewController (7.3.5):
    - JSQSystemSoundPlayer (~> 2.0.1)
  - JSQSystemSoundPlayer (2.0.1)
  - MBProgressHUD (0.9.2)
  - Mosquitto (1.4.8):
    - Mosquitto/TLS (= 1.4.8)
    - Mosquitto/WithoutTLS (= 1.4.8)
  - Mosquitto/TLS (1.4.8):
    - OpenSSL-Universal (~> 1.0.1.19)
  - Mosquitto/WithoutTLS (1.4.8)
  - MWPhotoBrowser (2.1.2):
    - DACircularProgress (~> 2.3)
    - MBProgressHUD (~> 0.9)
    - SDWebImage (!= 3.7.2, ~> 3.7)
  - nanopb (0.3.8):
    - nanopb/decode (= 0.3.8)
    - nanopb/encode (= 0.3.8)
  - nanopb/decode (0.3.8)
  - nanopb/encode (0.3.8)
  - OpenSSL-Universal (1.0.1.20)
  - Protobuf (3.5.0)
  - SAMKeychain (1.5.3)
  - SDWebImage (3.8.2):
    - SDWebImage/Core (= 3.8.2)
  - SDWebImage/Core (3.8.2)
  - SSZipArchive (0.4.0)
  - TTTAttributedLabel (2.0.0)
  - TwitterCore (2.8.0):
    - Fabric
  - TwitterKit (2.8.1):
    - TwitterCore (>= 2.8)
  - XlsxReaderWriter (1.0.11):
    - SSZipArchive (~> 0.4)
    - XMLDictionary (~> 1.4)
  - XMLDictionary (1.4.1)

DEPENDENCIES:
  - AWSAPIGateway
  - AWSMobileAnalytics
  - AWSS3
  - AWSSNS
  - Crashlytics
  - Fabric
  - FBSDKCoreKit
  - FBSDKLoginKit
  - FBSDKShareKit
  - Firebase
  - Firebase/AdMob
  - Firebase/Auth
  - Firebase/Core
  - Firebase/Invites
  - Firebase/Messaging
  - Firebase/RemoteConfig
  - FMDB
  - hpple
  - JSQMessagesViewController
  - Mosquitto
  - MWPhotoBrowser
  - SAMKeychain
  - SDWebImage (~> 3.8)
  - TTTAttributedLabel
  - TwitterCore (~> 2.8)
  - TwitterKit (~> 2.8)
  - XlsxReaderWriter

SPEC CHECKSUMS:
  AWSAPIGateway: eb83d126ae5f9e02eb37f03ce1f6508afd86c41b
  AWSCore: a461695bf302a32a366768bf36056be3a2c87d8d
  AWSMobileAnalytics: 1746be1ddbd2326ad3775a4457294c3ef2bfa180
  AWSS3: d13e29a4dbfecb7cd99b4ce833a9fe221dee8cba
  AWSSNS: 41e648984fd05f83ef50753614e9f74547abe6ca
  Bolts: ac6567323eac61e203f6a9763667d0f711be34c8
  Crashlytics: dbb07d01876c171c5ccbdf7826410380189e452c
  DACircularProgress: 4dd437c0fc3da5161cb289e07ac449493d41db71
  Fabric: 9cd6a848efcf1b8b07497e0b6a2e7d336353ba15
  FBSDKCoreKit: 7c4bba2877781a131ab5d54c0a78c405d4307b62
  FBSDKLoginKit: fe7a7e82373dc5daad92e1623219e86224ab1fb1
  FBSDKShareKit: a9427574b51bde4f437262c3f118c4ccfddeef6c
  Firebase: 7d3b8cd837ad9fcd391657734c0d56dab8e9a5a3
  FirebaseABTesting: d07d0ee833b842d5153549e4c7e2e2cb1c23a3f9
  FirebaseAnalytics: 388b630c15713f5dbf364071f5f3d6077fb52f4e
  FirebaseAuth: bd2738c5c1e92b108ba5f7f7335908097a4e50bb
  FirebaseCore: 2e0b98fb2d64ca8140136beff15772bdd14d2dd7
  FirebaseDynamicLinks: 38b68641d24e78d0277a9205d988ce22875d5a25
  FirebaseInstanceID: 81df5805a08001e69138664bdd02c6719a9ac80f
  FirebaseInvites: ae15e0636f9eb42bdf5c1ef4c8f7bd4a88f9878b
  FirebaseMessaging: dfdcd307c2382290a1e297a81d0f18370f5b1bcd
  FirebaseRemoteConfig: 3310f264fff78b6c2e78b24dcfc4c1b3d6766209
  FMDB: 6198a90e7b6900cfc046e6bc0ef6ebb7be9236aa
  Google-Mobile-Ads-SDK: 83f7f890e638ce8f1debd440ea363338c9f6be3b
  GoogleAPIClientForREST: 4fa84fc61fdeea48dd7088de5c1a864ace18125b
  GoogleSignIn: 3fdaa34a2ba04dbd7a25d7db39aecb0da98d5bdc
  GoogleToolboxForMac: 2501e2ad72a52eb3dfe7bd9aee7dad11b858bd20
  GTMOAuth2: c77fe325e4acd453837e72d91e3b5f13116857b2
  GTMSessionFetcher: 5bb1eae636127de695590f50e7d248483eb891e6
  hpple: 3b765f96fc2cd56ad1a49aef6f7be5cb2aa64b57
  JSQMessagesViewController: 6587f56aedbcb150a8ba1d968e1ef58b1bc758b7
  JSQSystemSoundPlayer: c5850e77a4363ffd374cd851154b9af93264ed8d
  MBProgressHUD: 1569cf7ace17a8bac47aabfbb8580a49690386d1
  Mosquitto: d5070269b43acc98e4a8272b9e08b73d5de86a5c
  MWPhotoBrowser: 5836d7aa041dc05a13de380c246826578adc5ea5
  nanopb: 5601e6bca2dbf1ed831b519092ec110f66982ca3
  OpenSSL-Universal: 71f2c4b2ae758e2218090f905e95ca0ac5c01be7
  Protobuf: 8a9838fba8dae3389230e1b7f8c104aa32389c03
  SAMKeychain: 483e1c9f32984d50ca961e26818a534283b4cd5c
  SDWebImage: 098e97e6176540799c27e804c96653ee0833d13c
  SSZipArchive: d3d66fc0e3fb6ac0f723d95481aae71aae916cc3
  TTTAttributedLabel: 8cffe8e127e4e82ff3af1e5386d4cd0ad000b656
  TwitterCore: e959987be23c767004d29eb7fab8d85d8585a2e5
  TwitterKit: 3b6044a7320340326a4098f3e37aa1dbaeb94942
  XlsxReaderWriter: 7e4c5c9fb7c4e78e4edc89fa11f50c086540277c
  XMLDictionary: fa07b6ff422b3a91d47a5de9bc82e3fc04fbd167

PODFILE CHECKSUM: 1a1b2a87470b1320d8d1c606feabaa1d3004fe54

COCOAPODS: 1.4.0
